
Microsoft Visual Studio Solution File, Format Version 12.00
# Visual Studio 15
VisualStudioVersion = 15.0.27703.2026
MinimumVisualStudioVersion = 10.0.40219.1
Project("{FAE04EC0-301F-11D3-BF4B-00C04F79EFBC}") = "WindowsFormsApp1", "WindowsFormsApp1\WindowsFormsApp1.csproj", "{310CEA70-84D5-4451-BA47-20B12258F946}"
EndProject
Project("{FAE04EC0-301F-11D3-BF4B-00C04F79EFBC}") = "Demo2", "Demo2\Demo2.csproj", "{A458BB38-7ED8-4FFC-A256-88E977FC6C73}"
EndProject
Project("{FAE04EC0-301F-11D3-BF4B-00C04F79EFBC}") = "XMixDrix", "XMixDrix\XMixDrix.csproj", "{CE6C5C43-3777-4C38-BE5B-3C00BF7C740F}"
EndProject
Global
	GlobalSection(SolutionConfigurationPlatforms) = preSolution
		Debug|Any CPU = Debug|Any CPU
		Release|Any CPU = Release|Any CPU
	EndGlobalSection
	GlobalSection(ProjectConfigurationPlatforms) = postSolution
		{310CEA70-84D5-4451-BA47-20B12258F946}.Debug|Any CPU.ActiveCfg = Debug|Any CPU
		{310CEA70-84D5-4451-BA47-20B12258F946}.Debug|Any CPU.Build.0 = Debug|Any CPU
		{310CEA70-84D5-4451-BA47-20B12258F946}.Release|Any CPU.ActiveCfg = Release|Any CPU
		{310CEA70-84D5-4451-BA47-20B12258F946}.Release|Any CPU.Build.0 = Release|Any CPU
		{A458BB38-7ED8-4FFC-A256-88E977FC6C73}.Debug|Any CPU.ActiveCfg = Debug|Any CPU
		{A458BB38-7ED8-4FFC-A256-88E977FC6C73}.Debug|Any CPU.Build.0 = Debug|Any CPU
		{A458BB38-7ED8-4FFC-A256-88E977FC6C73}.Release|Any CPU.ActiveCfg = Release|Any CPU
		{A458BB38-7ED8-4FFC-A256-88E977FC6C73}.Release|Any CPU.Build.0 = Release|Any CPU
		{CE6C5C43-3777-4C38-BE5B-3C00BF7C740F}.Debug|Any CPU.ActiveCfg = Debug|Any CPU
		{CE6C5C43-3777-4C38-BE5B-3C00BF7C740F}.Debug|Any CPU.Build.0 = Debug|Any CPU
		{CE6C5C43-3777-4C38-BE5B-3C00BF7C740F}.Release|Any CPU.ActiveCfg = Release|Any CPU
		{CE6C5C43-3777-4C38-BE5B-3C00BF7C740F}.Release|Any CPU.Build.0 = Release|Any CPU
	EndGlobalSection
	GlobalSection(SolutionProperties) = preSolution
		HideSolutionNode = FALSE
	EndGlobalSection
	GlobalSection(ExtensibilityGlobals) = postSolution
		SolutionGuid = {40289A88-12BF-4571-B9A9-932C15629300}
	EndGlobalSection
EndGlobal
