
Microsoft Visual Studio Solution File, Format Version 12.00
# Visual Studio 15
VisualStudioVersion = 15.0.27703.2026
MinimumVisualStudioVersion = 10.0.40219.1
Project("{FAE04EC0-301F-11D3-BF4B-00C04F79EFBC}") = "ConsoleApp1", "ConsoleApp1\ConsoleApp1.csproj", "{D519C8B0-D8A7-4767-9930-862D946ED847}"
EndProject
Project("{FAE04EC0-301F-11D3-BF4B-00C04F79EFBC}") = "StaticDemo", "StaticDemo\StaticDemo.csproj", "{73399A5E-E54D-4D89-B7ED-19EBEAE3AC2A}"
EndProject
Project("{FAE04EC0-301F-11D3-BF4B-00C04F79EFBC}") = "PropDemo2", "PropDemo2\PropDemo2.csproj", "{F7E7A04A-D635-402D-836A-0B5F69517197}"
EndProject
Project("{FAE04EC0-301F-11D3-BF4B-00C04F79EFBC}") = "ColorEx", "ColorEx\ColorEx.csproj", "{03613D0E-F8BF-47D5-A79C-FA18E92B0101}"
EndProject
Global
	GlobalSection(SolutionConfigurationPlatforms) = preSolution
		Debug|Any CPU = Debug|Any CPU
		Release|Any CPU = Release|Any CPU
	EndGlobalSection
	GlobalSection(ProjectConfigurationPlatforms) = postSolution
		{D519C8B0-D8A7-4767-9930-862D946ED847}.Debug|Any CPU.ActiveCfg = Debug|Any CPU
		{D519C8B0-D8A7-4767-9930-862D946ED847}.Debug|Any CPU.Build.0 = Debug|Any CPU
		{D519C8B0-D8A7-4767-9930-862D946ED847}.Release|Any CPU.ActiveCfg = Release|Any CPU
		{D519C8B0-D8A7-4767-9930-862D946ED847}.Release|Any CPU.Build.0 = Release|Any CPU
		{73399A5E-E54D-4D89-B7ED-19EBEAE3AC2A}.Debug|Any CPU.ActiveCfg = Debug|Any CPU
		{73399A5E-E54D-4D89-B7ED-19EBEAE3AC2A}.Debug|Any CPU.Build.0 = Debug|Any CPU
		{73399A5E-E54D-4D89-B7ED-19EBEAE3AC2A}.Release|Any CPU.ActiveCfg = Release|Any CPU
		{73399A5E-E54D-4D89-B7ED-19EBEAE3AC2A}.Release|Any CPU.Build.0 = Release|Any CPU
		{F7E7A04A-D635-402D-836A-0B5F69517197}.Debug|Any CPU.ActiveCfg = Debug|Any CPU
		{F7E7A04A-D635-402D-836A-0B5F69517197}.Debug|Any CPU.Build.0 = Debug|Any CPU
		{F7E7A04A-D635-402D-836A-0B5F69517197}.Release|Any CPU.ActiveCfg = Release|Any CPU
		{F7E7A04A-D635-402D-836A-0B5F69517197}.Release|Any CPU.Build.0 = Release|Any CPU
		{03613D0E-F8BF-47D5-A79C-FA18E92B0101}.Debug|Any CPU.ActiveCfg = Debug|Any CPU
		{03613D0E-F8BF-47D5-A79C-FA18E92B0101}.Debug|Any CPU.Build.0 = Debug|Any CPU
		{03613D0E-F8BF-47D5-A79C-FA18E92B0101}.Release|Any CPU.ActiveCfg = Release|Any CPU
		{03613D0E-F8BF-47D5-A79C-FA18E92B0101}.Release|Any CPU.Build.0 = Release|Any CPU
	EndGlobalSection
	GlobalSection(SolutionProperties) = preSolution
		HideSolutionNode = FALSE
	EndGlobalSection
	GlobalSection(ExtensibilityGlobals) = postSolution
		SolutionGuid = {CDF0E2E6-1E59-4DF6-8773-EEF06AA48393}
	EndGlobalSection
EndGlobal
