
Microsoft Visual Studio Solution File, Format Version 11.00
# Visual C# Express 2010
Project("{FAE04EC0-301F-11D3-BF4B-00C04F79EFBC}") = "MyStack_Demo", "MyStack_Demo\MyStack_Demo.csproj", "{C87887AC-0FA5-4352-A7A0-2E54B5A16510}"
EndProject
Global
	GlobalSection(SolutionConfigurationPlatforms) = preSolution
		Debug|Any CPU = Debug|Any CPU
		Release|Any CPU = Release|Any CPU
	EndGlobalSection
	GlobalSection(ProjectConfigurationPlatforms) = postSolution
		{C87887AC-0FA5-4352-A7A0-2E54B5A16510}.Debug|Any CPU.ActiveCfg = Debug|Any CPU
		{C87887AC-0FA5-4352-A7A0-2E54B5A16510}.Debug|Any CPU.Build.0 = Debug|Any CPU
		{C87887AC-0FA5-4352-A7A0-2E54B5A16510}.Release|Any CPU.ActiveCfg = Release|Any CPU
		{C87887AC-0FA5-4352-A7A0-2E54B5A16510}.Release|Any CPU.Build.0 = Release|Any CPU
	EndGlobalSection
	GlobalSection(SolutionProperties) = preSolution
		HideSolutionNode = FALSE
	EndGlobalSection
EndGlobal
