
Microsoft Visual Studio Solution File, Format Version 12.00
# Visual Studio 15
VisualStudioVersion = 15.0.27703.2026
MinimumVisualStudioVersion = 10.0.40219.1
Project("{FAE04EC0-301F-11D3-BF4B-00C04F79EFBC}") = "ConsoleApp1", "ConsoleApp1\ConsoleApp1.csproj", "{3C4DEBD6-6E69-4045-BB5F-D04EE6BC80E6}"
EndProject
Global
	GlobalSection(SolutionConfigurationPlatforms) = preSolution
		Debug|Any CPU = Debug|Any CPU
		Release|Any CPU = Release|Any CPU
	EndGlobalSection
	GlobalSection(ProjectConfigurationPlatforms) = postSolution
		{3C4DEBD6-6E69-4045-BB5F-D04EE6BC80E6}.Debug|Any CPU.ActiveCfg = Debug|Any CPU
		{3C4DEBD6-6E69-4045-BB5F-D04EE6BC80E6}.Debug|Any CPU.Build.0 = Debug|Any CPU
		{3C4DEBD6-6E69-4045-BB5F-D04EE6BC80E6}.Release|Any CPU.ActiveCfg = Release|Any CPU
		{3C4DEBD6-6E69-4045-BB5F-D04EE6BC80E6}.Release|Any CPU.Build.0 = Release|Any CPU
	EndGlobalSection
	GlobalSection(SolutionProperties) = preSolution
		HideSolutionNode = FALSE
	EndGlobalSection
	GlobalSection(ExtensibilityGlobals) = postSolution
		SolutionGuid = {188FBBD4-E386-41C3-AA5A-99738E1F6917}
	EndGlobalSection
EndGlobal
