
Microsoft Visual Studio Solution File, Format Version 12.00
# Visual Studio 15
VisualStudioVersion = 15.0.27703.2026
MinimumVisualStudioVersion = 10.0.40219.1
Project("{FAE04EC0-301F-11D3-BF4B-00C04F79EFBC}") = "ConsoleApp1", "ConsoleApp1\ConsoleApp1.csproj", "{2B7FA850-1E87-4E69-9889-D31F0CCCC536}"
EndProject
Project("{FAE04EC0-301F-11D3-BF4B-00C04F79EFBC}") = "targil1", "targil1+2\targil1.csproj", "{207FA0D5-D8A5-41DF-978D-F18C97671E52}"
EndProject
Project("{FAE04EC0-301F-11D3-BF4B-00C04F79EFBC}") = "targil 2", "targil 2\targil 2.csproj", "{6273F80D-54C6-4B60-8560-C9FAFDB75EC5}"
EndProject
Project("{FAE04EC0-301F-11D3-BF4B-00C04F79EFBC}") = "targil 3", "targil 3\targil 3.csproj", "{31522332-C40D-4EF5-BD67-E18AD26DE32A}"
EndProject
Global
	GlobalSection(SolutionConfigurationPlatforms) = preSolution
		Debug|Any CPU = Debug|Any CPU
		Release|Any CPU = Release|Any CPU
	EndGlobalSection
	GlobalSection(ProjectConfigurationPlatforms) = postSolution
		{2B7FA850-1E87-4E69-9889-D31F0CCCC536}.Debug|Any CPU.ActiveCfg = Debug|Any CPU
		{2B7FA850-1E87-4E69-9889-D31F0CCCC536}.Debug|Any CPU.Build.0 = Debug|Any CPU
		{2B7FA850-1E87-4E69-9889-D31F0CCCC536}.Release|Any CPU.ActiveCfg = Release|Any CPU
		{2B7FA850-1E87-4E69-9889-D31F0CCCC536}.Release|Any CPU.Build.0 = Release|Any CPU
		{207FA0D5-D8A5-41DF-978D-F18C97671E52}.Debug|Any CPU.ActiveCfg = Debug|Any CPU
		{207FA0D5-D8A5-41DF-978D-F18C97671E52}.Debug|Any CPU.Build.0 = Debug|Any CPU
		{207FA0D5-D8A5-41DF-978D-F18C97671E52}.Release|Any CPU.ActiveCfg = Release|Any CPU
		{207FA0D5-D8A5-41DF-978D-F18C97671E52}.Release|Any CPU.Build.0 = Release|Any CPU
		{6273F80D-54C6-4B60-8560-C9FAFDB75EC5}.Debug|Any CPU.ActiveCfg = Debug|Any CPU
		{6273F80D-54C6-4B60-8560-C9FAFDB75EC5}.Debug|Any CPU.Build.0 = Debug|Any CPU
		{6273F80D-54C6-4B60-8560-C9FAFDB75EC5}.Release|Any CPU.ActiveCfg = Release|Any CPU
		{6273F80D-54C6-4B60-8560-C9FAFDB75EC5}.Release|Any CPU.Build.0 = Release|Any CPU
		{31522332-C40D-4EF5-BD67-E18AD26DE32A}.Debug|Any CPU.ActiveCfg = Debug|Any CPU
		{31522332-C40D-4EF5-BD67-E18AD26DE32A}.Debug|Any CPU.Build.0 = Debug|Any CPU
		{31522332-C40D-4EF5-BD67-E18AD26DE32A}.Release|Any CPU.ActiveCfg = Release|Any CPU
		{31522332-C40D-4EF5-BD67-E18AD26DE32A}.Release|Any CPU.Build.0 = Release|Any CPU
	EndGlobalSection
	GlobalSection(SolutionProperties) = preSolution
		HideSolutionNode = FALSE
	EndGlobalSection
	GlobalSection(ExtensibilityGlobals) = postSolution
		SolutionGuid = {E93A2B93-2F96-4A12-8C7E-A08C9C49E500}
	EndGlobalSection
EndGlobal
