
Microsoft Visual Studio Solution File, Format Version 10.00
# Visual Studio 2008
Project("{FAE04EC0-301F-11D3-BF4B-00C04F79EFBC}") = "CharactersStatistics", "CharactersStatistics\CharactersStatistics.csproj", "{139BFD36-F51D-4391-BAE5-061607ABEA11}"
EndProject
Global
	GlobalSection(SolutionConfigurationPlatforms) = preSolution
		Debug|Any CPU = Debug|Any CPU
		Release|Any CPU = Release|Any CPU
	EndGlobalSection
	GlobalSection(ProjectConfigurationPlatforms) = postSolution
		{139BFD36-F51D-4391-BAE5-061607ABEA11}.Debug|Any CPU.ActiveCfg = Debug|Any CPU
		{139BFD36-F51D-4391-BAE5-061607ABEA11}.Debug|Any CPU.Build.0 = Debug|Any CPU
		{139BFD36-F51D-4391-BAE5-061607ABEA11}.Release|Any CPU.ActiveCfg = Release|Any CPU
		{139BFD36-F51D-4391-BAE5-061607ABEA11}.Release|Any CPU.Build.0 = Release|Any CPU
	EndGlobalSection
	GlobalSection(SolutionProperties) = preSolution
		HideSolutionNode = FALSE
	EndGlobalSection
EndGlobal
