
Microsoft Visual Studio Solution File, Format Version 12.00
# Visual Studio 15
VisualStudioVersion = 15.0.27703.2026
MinimumVisualStudioVersion = 10.0.40219.1
Project("{FAE04EC0-301F-11D3-BF4B-00C04F79EFBC}") = "FunctionDemo1", "FunctionDemo1\FunctionDemo1.csproj", "{4A54FAFB-78E2-46A2-AD6E-D2CDD7FF898E}"
EndProject
Project("{FAE04EC0-301F-11D3-BF4B-00C04F79EFBC}") = "q1+q2 ver2", "q1+q2 ver2\q1+q2 ver2.csproj", "{CB574E06-0B16-4F35-81E0-CD21B6351D52}"
EndProject
Global
	GlobalSection(SolutionConfigurationPlatforms) = preSolution
		Debug|Any CPU = Debug|Any CPU
		Release|Any CPU = Release|Any CPU
	EndGlobalSection
	GlobalSection(ProjectConfigurationPlatforms) = postSolution
		{4A54FAFB-78E2-46A2-AD6E-D2CDD7FF898E}.Debug|Any CPU.ActiveCfg = Debug|Any CPU
		{4A54FAFB-78E2-46A2-AD6E-D2CDD7FF898E}.Debug|Any CPU.Build.0 = Debug|Any CPU
		{4A54FAFB-78E2-46A2-AD6E-D2CDD7FF898E}.Release|Any CPU.ActiveCfg = Release|Any CPU
		{4A54FAFB-78E2-46A2-AD6E-D2CDD7FF898E}.Release|Any CPU.Build.0 = Release|Any CPU
		{CB574E06-0B16-4F35-81E0-CD21B6351D52}.Debug|Any CPU.ActiveCfg = Debug|Any CPU
		{CB574E06-0B16-4F35-81E0-CD21B6351D52}.Debug|Any CPU.Build.0 = Debug|Any CPU
		{CB574E06-0B16-4F35-81E0-CD21B6351D52}.Release|Any CPU.ActiveCfg = Release|Any CPU
		{CB574E06-0B16-4F35-81E0-CD21B6351D52}.Release|Any CPU.Build.0 = Release|Any CPU
	EndGlobalSection
	GlobalSection(SolutionProperties) = preSolution
		HideSolutionNode = FALSE
	EndGlobalSection
	GlobalSection(ExtensibilityGlobals) = postSolution
		SolutionGuid = {B201F19B-7DAC-4855-B9EA-C1BE2EF15872}
	EndGlobalSection
EndGlobal
