
Microsoft Visual Studio Solution File, Format Version 12.00
# Visual Studio 15
VisualStudioVersion = 15.0.27703.2026
MinimumVisualStudioVersion = 10.0.40219.1
Project("{FAE04EC0-301F-11D3-BF4B-00C04F79EFBC}") = "ConsoleApp1", "ConsoleApp1\ConsoleApp1.csproj", "{A0913005-E586-4497-895D-40224AF2F610}"
EndProject
Project("{FAE04EC0-301F-11D3-BF4B-00C04F79EFBC}") = "BinaryTree", "BinaryTree\BinaryTree.csproj", "{6645CBAB-505D-471C-AD89-50DFE05F5239}"
EndProject
Project("{FAE04EC0-301F-11D3-BF4B-00C04F79EFBC}") = "FibonacciAndHanoiTower", "FibonacciAndHanoiTower\FibonacciAndHanoiTower.csproj", "{5CF8C028-2EF2-42B9-8C19-F0E5AD152A51}"
EndProject
Global
	GlobalSection(SolutionConfigurationPlatforms) = preSolution
		Debug|Any CPU = Debug|Any CPU
		Release|Any CPU = Release|Any CPU
	EndGlobalSection
	GlobalSection(ProjectConfigurationPlatforms) = postSolution
		{A0913005-E586-4497-895D-40224AF2F610}.Debug|Any CPU.ActiveCfg = Debug|Any CPU
		{A0913005-E586-4497-895D-40224AF2F610}.Debug|Any CPU.Build.0 = Debug|Any CPU
		{A0913005-E586-4497-895D-40224AF2F610}.Release|Any CPU.ActiveCfg = Release|Any CPU
		{A0913005-E586-4497-895D-40224AF2F610}.Release|Any CPU.Build.0 = Release|Any CPU
		{6645CBAB-505D-471C-AD89-50DFE05F5239}.Debug|Any CPU.ActiveCfg = Debug|Any CPU
		{6645CBAB-505D-471C-AD89-50DFE05F5239}.Debug|Any CPU.Build.0 = Debug|Any CPU
		{6645CBAB-505D-471C-AD89-50DFE05F5239}.Release|Any CPU.ActiveCfg = Release|Any CPU
		{6645CBAB-505D-471C-AD89-50DFE05F5239}.Release|Any CPU.Build.0 = Release|Any CPU
		{5CF8C028-2EF2-42B9-8C19-F0E5AD152A51}.Debug|Any CPU.ActiveCfg = Debug|Any CPU
		{5CF8C028-2EF2-42B9-8C19-F0E5AD152A51}.Debug|Any CPU.Build.0 = Debug|Any CPU
		{5CF8C028-2EF2-42B9-8C19-F0E5AD152A51}.Release|Any CPU.ActiveCfg = Release|Any CPU
		{5CF8C028-2EF2-42B9-8C19-F0E5AD152A51}.Release|Any CPU.Build.0 = Release|Any CPU
	EndGlobalSection
	GlobalSection(SolutionProperties) = preSolution
		HideSolutionNode = FALSE
	EndGlobalSection
	GlobalSection(ExtensibilityGlobals) = postSolution
		SolutionGuid = {335DEBF2-D418-4E91-ABE6-FFC7F580EFBD}
	EndGlobalSection
EndGlobal
