
Microsoft Visual Studio Solution File, Format Version 12.00
# Visual Studio 15
VisualStudioVersion = 15.0.27703.2026
MinimumVisualStudioVersion = 10.0.40219.1
Project("{FAE04EC0-301F-11D3-BF4B-00C04F79EFBC}") = "07 Array And Foreach", "07 Array And Foreach\07 Array And Foreach.csproj", "{FF51F1BB-9713-408D-B6C6-03EA2EDE3DA0}"
EndProject
Project("{FAE04EC0-301F-11D3-BF4B-00C04F79EFBC}") = "ArrayDemo2", "ArrayDemo2\ArrayDemo2.csproj", "{188C5EA0-534C-4917-9910-D73204E73C97}"
EndProject
Project("{FAE04EC0-301F-11D3-BF4B-00C04F79EFBC}") = "BubbleSort", "BubbleSort\BubbleSort.csproj", "{26241FE2-13F6-44FF-BDA2-53DACAD99001}"
EndProject
Project("{FAE04EC0-301F-11D3-BF4B-00C04F79EFBC}") = "ArrayCopy", "ArrayCopy\ArrayCopy.csproj", "{1EB7F99A-6B7F-4806-A598-A8A8D561D94C}"
EndProject
Project("{FAE04EC0-301F-11D3-BF4B-00C04F79EFBC}") = "Foreach", "Foreach\Foreach.csproj", "{CA9DA6FA-C39E-499E-9115-3C01488048FE}"
EndProject
Global
	GlobalSection(SolutionConfigurationPlatforms) = preSolution
		Debug|Any CPU = Debug|Any CPU
		Release|Any CPU = Release|Any CPU
	EndGlobalSection
	GlobalSection(ProjectConfigurationPlatforms) = postSolution
		{FF51F1BB-9713-408D-B6C6-03EA2EDE3DA0}.Debug|Any CPU.ActiveCfg = Debug|Any CPU
		{FF51F1BB-9713-408D-B6C6-03EA2EDE3DA0}.Debug|Any CPU.Build.0 = Debug|Any CPU
		{FF51F1BB-9713-408D-B6C6-03EA2EDE3DA0}.Release|Any CPU.ActiveCfg = Release|Any CPU
		{FF51F1BB-9713-408D-B6C6-03EA2EDE3DA0}.Release|Any CPU.Build.0 = Release|Any CPU
		{188C5EA0-534C-4917-9910-D73204E73C97}.Debug|Any CPU.ActiveCfg = Debug|Any CPU
		{188C5EA0-534C-4917-9910-D73204E73C97}.Debug|Any CPU.Build.0 = Debug|Any CPU
		{188C5EA0-534C-4917-9910-D73204E73C97}.Release|Any CPU.ActiveCfg = Release|Any CPU
		{188C5EA0-534C-4917-9910-D73204E73C97}.Release|Any CPU.Build.0 = Release|Any CPU
		{26241FE2-13F6-44FF-BDA2-53DACAD99001}.Debug|Any CPU.ActiveCfg = Debug|Any CPU
		{26241FE2-13F6-44FF-BDA2-53DACAD99001}.Debug|Any CPU.Build.0 = Debug|Any CPU
		{26241FE2-13F6-44FF-BDA2-53DACAD99001}.Release|Any CPU.ActiveCfg = Release|Any CPU
		{26241FE2-13F6-44FF-BDA2-53DACAD99001}.Release|Any CPU.Build.0 = Release|Any CPU
		{1EB7F99A-6B7F-4806-A598-A8A8D561D94C}.Debug|Any CPU.ActiveCfg = Debug|Any CPU
		{1EB7F99A-6B7F-4806-A598-A8A8D561D94C}.Debug|Any CPU.Build.0 = Debug|Any CPU
		{1EB7F99A-6B7F-4806-A598-A8A8D561D94C}.Release|Any CPU.ActiveCfg = Release|Any CPU
		{1EB7F99A-6B7F-4806-A598-A8A8D561D94C}.Release|Any CPU.Build.0 = Release|Any CPU
		{CA9DA6FA-C39E-499E-9115-3C01488048FE}.Debug|Any CPU.ActiveCfg = Debug|Any CPU
		{CA9DA6FA-C39E-499E-9115-3C01488048FE}.Debug|Any CPU.Build.0 = Debug|Any CPU
		{CA9DA6FA-C39E-499E-9115-3C01488048FE}.Release|Any CPU.ActiveCfg = Release|Any CPU
		{CA9DA6FA-C39E-499E-9115-3C01488048FE}.Release|Any CPU.Build.0 = Release|Any CPU
	EndGlobalSection
	GlobalSection(SolutionProperties) = preSolution
		HideSolutionNode = FALSE
	EndGlobalSection
	GlobalSection(ExtensibilityGlobals) = postSolution
		SolutionGuid = {6CC19193-140A-4F3D-B278-2D2CEAE552B3}
	EndGlobalSection
EndGlobal
