
Microsoft Visual Studio Solution File, Format Version 12.00
# Visual Studio 15
VisualStudioVersion = 15.0.27703.2026
MinimumVisualStudioVersion = 10.0.40219.1
Project("{FAE04EC0-301F-11D3-BF4B-00C04F79EFBC}") = "q3", "..\..\..\..\Desktop\WhileDemo3ForGH\ConsoleApp1\ConsoleApp1\q3.csproj", "{B405A3AD-3D4D-4A96-8050-386BCBA5ED69}"
EndProject
Project("{FAE04EC0-301F-11D3-BF4B-00C04F79EFBC}") = "q5", "..\..\..\..\Desktop\WhileDemo3ForGH\ConsoleApp1\q5\q5.csproj", "{C19ECDBB-F545-4C29-90AB-BDECE69D063D}"
EndProject
Project("{FAE04EC0-301F-11D3-BF4B-00C04F79EFBC}") = "q4", "..\..\..\..\Desktop\WhileDemo3ForGH\ConsoleApp1\q4\q4.csproj", "{90AA1298-1897-417E-8137-4A47EF3067E1}"
EndProject
Global
	GlobalSection(SolutionConfigurationPlatforms) = preSolution
		Debug|Any CPU = Debug|Any CPU
		Release|Any CPU = Release|Any CPU
	EndGlobalSection
	GlobalSection(ProjectConfigurationPlatforms) = postSolution
		{B405A3AD-3D4D-4A96-8050-386BCBA5ED69}.Debug|Any CPU.ActiveCfg = Debug|Any CPU
		{B405A3AD-3D4D-4A96-8050-386BCBA5ED69}.Debug|Any CPU.Build.0 = Debug|Any CPU
		{B405A3AD-3D4D-4A96-8050-386BCBA5ED69}.Release|Any CPU.ActiveCfg = Release|Any CPU
		{B405A3AD-3D4D-4A96-8050-386BCBA5ED69}.Release|Any CPU.Build.0 = Release|Any CPU
		{C19ECDBB-F545-4C29-90AB-BDECE69D063D}.Debug|Any CPU.ActiveCfg = Debug|Any CPU
		{C19ECDBB-F545-4C29-90AB-BDECE69D063D}.Debug|Any CPU.Build.0 = Debug|Any CPU
		{C19ECDBB-F545-4C29-90AB-BDECE69D063D}.Release|Any CPU.ActiveCfg = Release|Any CPU
		{C19ECDBB-F545-4C29-90AB-BDECE69D063D}.Release|Any CPU.Build.0 = Release|Any CPU
		{90AA1298-1897-417E-8137-4A47EF3067E1}.Debug|Any CPU.ActiveCfg = Debug|Any CPU
		{90AA1298-1897-417E-8137-4A47EF3067E1}.Debug|Any CPU.Build.0 = Debug|Any CPU
		{90AA1298-1897-417E-8137-4A47EF3067E1}.Release|Any CPU.ActiveCfg = Release|Any CPU
		{90AA1298-1897-417E-8137-4A47EF3067E1}.Release|Any CPU.Build.0 = Release|Any CPU
	EndGlobalSection
	GlobalSection(SolutionProperties) = preSolution
		HideSolutionNode = FALSE
	EndGlobalSection
	GlobalSection(ExtensibilityGlobals) = postSolution
		SolutionGuid = {C1966634-A512-4F6F-82A7-5ED3B31B5425}
	EndGlobalSection
EndGlobal
